
Microsoft Visual Studio Solution File, Format Version 12.00
# Visual Studio Version 17
VisualStudioVersion = 17.4.33110.190
MinimumVisualStudioVersion = 10.0.40219.1
Project("{FAE04EC0-301F-11D3-BF4B-00C04F79EFBC}") = "Addressbook", "Addressbook.csproj", "{D3F456DD-5A42-4764-8CD1-70FA74598968}"
EndProject
Global
	GlobalSection(SolutionConfigurationPlatforms) = preSolution
		Debug|Any CPU = Debug|Any CPU
		Release|Any CPU = Release|Any CPU
	EndGlobalSection
	GlobalSection(ProjectConfigurationPlatforms) = postSolution
		{D3F456DD-5A42-4764-8CD1-70FA74598968}.Debug|Any CPU.ActiveCfg = Debug|Any CPU
		{D3F456DD-5A42-4764-8CD1-70FA74598968}.Debug|Any CPU.Build.0 = Debug|Any CPU
		{D3F456DD-5A42-4764-8CD1-70FA74598968}.Release|Any CPU.ActiveCfg = Release|Any CPU
		{D3F456DD-5A42-4764-8CD1-70FA74598968}.Release|Any CPU.Build.0 = Release|Any CPU
	EndGlobalSection
	GlobalSection(SolutionProperties) = preSolution
		HideSolutionNode = FALSE
	EndGlobalSection
	GlobalSection(ExtensibilityGlobals) = postSolution
		SolutionGuid = {C0188B1C-7A3A-45CE-8525-C59DFEA28EDF}
	EndGlobalSection
EndGlobal
